
Microsoft Visual Studio Solution File, Format Version 12.00
# Visual Studio Version 17
VisualStudioVersion = 17.9.34728.123
MinimumVisualStudioVersion = 10.0.40219.1
Project("{F184B08F-C81C-45F6-A57F-5ABD9991F28F}") = "Regex", "Regex\Regex.vbproj", "{7F2FEA67-A013-46F6-B3E9-8A84CB5F024D}"
EndProject
Global
	GlobalSection(SolutionConfigurationPlatforms) = preSolution
		Debug|Any CPU = Debug|Any CPU
		Release|Any CPU = Release|Any CPU
	EndGlobalSection
	GlobalSection(ProjectConfigurationPlatforms) = postSolution
		{7F2FEA67-A013-46F6-B3E9-8A84CB5F024D}.Debug|Any CPU.ActiveCfg = Debug|Any CPU
		{7F2FEA67-A013-46F6-B3E9-8A84CB5F024D}.Debug|Any CPU.Build.0 = Debug|Any CPU
		{7F2FEA67-A013-46F6-B3E9-8A84CB5F024D}.Release|Any CPU.ActiveCfg = Release|Any CPU
		{7F2FEA67-A013-46F6-B3E9-8A84CB5F024D}.Release|Any CPU.Build.0 = Release|Any CPU
	EndGlobalSection
	GlobalSection(SolutionProperties) = preSolution
		HideSolutionNode = FALSE
	EndGlobalSection
	GlobalSection(ExtensibilityGlobals) = postSolution
		SolutionGuid = {A405C071-2860-4C80-917F-4CFB07C5BC32}
	EndGlobalSection
EndGlobal
